
Microsoft Visual Studio Solution File, Format Version 12.00
# Visual Studio Version 17
VisualStudioVersion = 17.14.36603.0
MinimumVisualStudioVersion = 10.0.40219.1
Project("{FAE04EC0-301F-11D3-BF4B-00C04F79EFBC}") = "u6", "u6\u6.csproj", "{668DA7EC-5A85-47E9-A4FD-D3B6E10098D1}"
EndProject
Project("{FAE04EC0-301F-11D3-BF4B-00C04F79EFBC}") = "u7", "u7\u7.csproj", "{F7A863C5-550B-4E84-94ED-33BE6D112750}"
EndProject
Project("{FAE04EC0-301F-11D3-BF4B-00C04F79EFBC}") = "u7_4", "u7_4\u7_4.csproj", "{2052D0CF-A9D7-4FED-8DB3-4573E321D835}"
EndProject
Global
	GlobalSection(SolutionConfigurationPlatforms) = preSolution
		Debug|Any CPU = Debug|Any CPU
		Release|Any CPU = Release|Any CPU
	EndGlobalSection
	GlobalSection(ProjectConfigurationPlatforms) = postSolution
		{668DA7EC-5A85-47E9-A4FD-D3B6E10098D1}.Debug|Any CPU.ActiveCfg = Debug|Any CPU
		{668DA7EC-5A85-47E9-A4FD-D3B6E10098D1}.Debug|Any CPU.Build.0 = Debug|Any CPU
		{668DA7EC-5A85-47E9-A4FD-D3B6E10098D1}.Release|Any CPU.ActiveCfg = Release|Any CPU
		{668DA7EC-5A85-47E9-A4FD-D3B6E10098D1}.Release|Any CPU.Build.0 = Release|Any CPU
		{F7A863C5-550B-4E84-94ED-33BE6D112750}.Debug|Any CPU.ActiveCfg = Debug|Any CPU
		{F7A863C5-550B-4E84-94ED-33BE6D112750}.Debug|Any CPU.Build.0 = Debug|Any CPU
		{F7A863C5-550B-4E84-94ED-33BE6D112750}.Release|Any CPU.ActiveCfg = Release|Any CPU
		{F7A863C5-550B-4E84-94ED-33BE6D112750}.Release|Any CPU.Build.0 = Release|Any CPU
		{2052D0CF-A9D7-4FED-8DB3-4573E321D835}.Debug|Any CPU.ActiveCfg = Debug|Any CPU
		{2052D0CF-A9D7-4FED-8DB3-4573E321D835}.Debug|Any CPU.Build.0 = Debug|Any CPU
		{2052D0CF-A9D7-4FED-8DB3-4573E321D835}.Release|Any CPU.ActiveCfg = Release|Any CPU
		{2052D0CF-A9D7-4FED-8DB3-4573E321D835}.Release|Any CPU.Build.0 = Release|Any CPU
	EndGlobalSection
	GlobalSection(SolutionProperties) = preSolution
		HideSolutionNode = FALSE
	EndGlobalSection
	GlobalSection(ExtensibilityGlobals) = postSolution
		SolutionGuid = {6BC862DA-E0C3-4866-9508-F701174B559A}
	EndGlobalSection
EndGlobal
